
Microsoft Visual Studio Solution File, Format Version 12.00
# Visual Studio 15
VisualStudioVersion = 15.0.28010.2026
MinimumVisualStudioVersion = 10.0.40219.1
Project("{FAE04EC0-301F-11D3-BF4B-00C04F79EFBC}") = "LuoGu", "LuoGu\LuoGu.csproj", "{64BED4DA-AADD-4B22-B463-EFB30BE9631B}"
EndProject
Global
	GlobalSection(SolutionConfigurationPlatforms) = preSolution
		Debug|Any CPU = Debug|Any CPU
		Release|Any CPU = Release|Any CPU
	EndGlobalSection
	GlobalSection(ProjectConfigurationPlatforms) = postSolution
		{64BED4DA-AADD-4B22-B463-EFB30BE9631B}.Debug|Any CPU.ActiveCfg = Debug|Any CPU
		{64BED4DA-AADD-4B22-B463-EFB30BE9631B}.Debug|Any CPU.Build.0 = Debug|Any CPU
		{64BED4DA-AADD-4B22-B463-EFB30BE9631B}.Release|Any CPU.ActiveCfg = Release|Any CPU
		{64BED4DA-AADD-4B22-B463-EFB30BE9631B}.Release|Any CPU.Build.0 = Release|Any CPU
	EndGlobalSection
	GlobalSection(SolutionProperties) = preSolution
		HideSolutionNode = FALSE
	EndGlobalSection
	GlobalSection(ExtensibilityGlobals) = postSolution
		SolutionGuid = {48296F58-C96F-4719-A624-BB8963586166}
	EndGlobalSection
EndGlobal
