
Microsoft Visual Studio Solution File, Format Version 12.00
# Visual Studio 15
VisualStudioVersion = 15.0.28010.2026
MinimumVisualStudioVersion = 10.0.40219.1
Project("{FAE04EC0-301F-11D3-BF4B-00C04F79EFBC}") = "File", "File\File.csproj", "{BBD9DA2D-A437-4B13-862D-361F18B51BFE}"
EndProject
Global
	GlobalSection(SolutionConfigurationPlatforms) = preSolution
		Debug|Any CPU = Debug|Any CPU
		Release|Any CPU = Release|Any CPU
	EndGlobalSection
	GlobalSection(ProjectConfigurationPlatforms) = postSolution
		{BBD9DA2D-A437-4B13-862D-361F18B51BFE}.Debug|Any CPU.ActiveCfg = Debug|Any CPU
		{BBD9DA2D-A437-4B13-862D-361F18B51BFE}.Debug|Any CPU.Build.0 = Debug|Any CPU
		{BBD9DA2D-A437-4B13-862D-361F18B51BFE}.Release|Any CPU.ActiveCfg = Release|Any CPU
		{BBD9DA2D-A437-4B13-862D-361F18B51BFE}.Release|Any CPU.Build.0 = Release|Any CPU
	EndGlobalSection
	GlobalSection(SolutionProperties) = preSolution
		HideSolutionNode = FALSE
	EndGlobalSection
	GlobalSection(ExtensibilityGlobals) = postSolution
		SolutionGuid = {B3201562-55CE-4258-ACA2-387CBFBA0C15}
	EndGlobalSection
EndGlobal
