
Microsoft Visual Studio Solution File, Format Version 12.00
# Visual Studio 15
VisualStudioVersion = 15.0.28307.1209
MinimumVisualStudioVersion = 10.0.40219.1
Project("{FAE04EC0-301F-11D3-BF4B-00C04F79EFBC}") = "Debug", "Debug\Debug.csproj", "{65799777-D6B5-4A67-B6E6-F702DB9B12F4}"
EndProject
Global
	GlobalSection(SolutionConfigurationPlatforms) = preSolution
		Debug|Any CPU = Debug|Any CPU
		Release|Any CPU = Release|Any CPU
	EndGlobalSection
	GlobalSection(ProjectConfigurationPlatforms) = postSolution
		{65799777-D6B5-4A67-B6E6-F702DB9B12F4}.Debug|Any CPU.ActiveCfg = Debug|Any CPU
		{65799777-D6B5-4A67-B6E6-F702DB9B12F4}.Debug|Any CPU.Build.0 = Debug|Any CPU
		{65799777-D6B5-4A67-B6E6-F702DB9B12F4}.Release|Any CPU.ActiveCfg = Release|Any CPU
		{65799777-D6B5-4A67-B6E6-F702DB9B12F4}.Release|Any CPU.Build.0 = Release|Any CPU
	EndGlobalSection
	GlobalSection(SolutionProperties) = preSolution
		HideSolutionNode = FALSE
	EndGlobalSection
	GlobalSection(ExtensibilityGlobals) = postSolution
		SolutionGuid = {0888F81C-7A1E-4B63-923F-E64E1141FC43}
	EndGlobalSection
EndGlobal
