
Microsoft Visual Studio Solution File, Format Version 12.00
# Visual Studio 15
VisualStudioVersion = 15.0.28010.2026
MinimumVisualStudioVersion = 10.0.40219.1
Project("{FAE04EC0-301F-11D3-BF4B-00C04F79EFBC}") = "xigou", "xigou\xigou.csproj", "{F4C102DC-02ED-42D6-9DC8-990686F8F797}"
EndProject
Global
	GlobalSection(SolutionConfigurationPlatforms) = preSolution
		Debug|Any CPU = Debug|Any CPU
		Release|Any CPU = Release|Any CPU
	EndGlobalSection
	GlobalSection(ProjectConfigurationPlatforms) = postSolution
		{F4C102DC-02ED-42D6-9DC8-990686F8F797}.Debug|Any CPU.ActiveCfg = Debug|Any CPU
		{F4C102DC-02ED-42D6-9DC8-990686F8F797}.Debug|Any CPU.Build.0 = Debug|Any CPU
		{F4C102DC-02ED-42D6-9DC8-990686F8F797}.Release|Any CPU.ActiveCfg = Release|Any CPU
		{F4C102DC-02ED-42D6-9DC8-990686F8F797}.Release|Any CPU.Build.0 = Release|Any CPU
	EndGlobalSection
	GlobalSection(SolutionProperties) = preSolution
		HideSolutionNode = FALSE
	EndGlobalSection
	GlobalSection(ExtensibilityGlobals) = postSolution
		SolutionGuid = {739DCE37-D69E-4B0F-99C8-1A4F706136FB}
	EndGlobalSection
EndGlobal
